
Microsoft Visual Studio Solution File, Format Version 12.00
# Visual Studio 15
VisualStudioVersion = 15.0.28010.0
MinimumVisualStudioVersion = 10.0.40219.1
Project("{8BC9CEB8-8B4A-11D0-8D11-00A0C91BC942}") = "WindowsProject1", "WindowsProject1\WindowsProject1.vcxproj", "{4DE6947B-83F5-4D7F-B93E-FE1B654ED3BF}"
EndProject
Global
	GlobalSection(SolutionConfigurationPlatforms) = preSolution
		Debug|x64 = Debug|x64
		Debug|x86 = Debug|x86
		Release|x64 = Release|x64
		Release|x86 = Release|x86
	EndGlobalSection
	GlobalSection(ProjectConfigurationPlatforms) = postSolution
		{4DE6947B-83F5-4D7F-B93E-FE1B654ED3BF}.Debug|x64.ActiveCfg = Debug|x64
		{4DE6947B-83F5-4D7F-B93E-FE1B654ED3BF}.Debug|x64.Build.0 = Debug|x64
		{4DE6947B-83F5-4D7F-B93E-FE1B654ED3BF}.Debug|x86.ActiveCfg = Debug|Win32
		{4DE6947B-83F5-4D7F-B93E-FE1B654ED3BF}.Debug|x86.Build.0 = Debug|Win32
		{4DE6947B-83F5-4D7F-B93E-FE1B654ED3BF}.Release|x64.ActiveCfg = Release|x64
		{4DE6947B-83F5-4D7F-B93E-FE1B654ED3BF}.Release|x64.Build.0 = Release|x64
		{4DE6947B-83F5-4D7F-B93E-FE1B654ED3BF}.Release|x86.ActiveCfg = Release|Win32
		{4DE6947B-83F5-4D7F-B93E-FE1B654ED3BF}.Release|x86.Build.0 = Release|Win32
	EndGlobalSection
	GlobalSection(SolutionProperties) = preSolution
		HideSolutionNode = FALSE
	EndGlobalSection
	GlobalSection(ExtensibilityGlobals) = postSolution
		SolutionGuid = {956D1382-A0C9-460F-926F-5E6353C8B921}
	EndGlobalSection
EndGlobal
